lockfileVersion: 5.4

specifiers:
  '@tauri-apps/cli': ^1.2.3
  tiny-glob: ^0.2.9

devDependencies:
  '@tauri-apps/cli': 1.5.6
  tiny-glob: 0.2.9

packages:

  /@tauri-apps/cli-darwin-arm64/1.5.6:
    resolution: {integrity: sha512-NNvG3XLtciCMsBahbDNUEvq184VZmOveTGOuy0So2R33b/6FDkuWaSgWZsR1mISpOuP034htQYW0VITCLelfqg==}
    engines: {node: '>= 10'}
    cpu: [arm64]
    os: [darwin]
    requiresBuild: true
    dev: true
    optional: true

  /@tauri-apps/cli-darwin-x64/1.5.6:
    resolution: {integrity: sha512-nkiqmtUQw3N1j4WoVjv81q6zWuZFhBLya/RNGUL94oafORloOZoSY0uTZJAoeieb3Y1YK0rCHSDl02MyV2Fi4A==}
    engines: {node: '>= 10'}
    cpu: [x64]
    os: [darwin]
    requiresBuild: true
    dev: true
    optional: true

  /@tauri-apps/cli-linux-arm-gnueabihf/1.5.6:
    resolution: {integrity: sha512-z6SPx+axZexmWXTIVPNs4Tg7FtvdJl9EKxYN6JPjOmDZcqA13iyqWBQal2DA/GMZ1Xqo3vyJf6EoEaKaliymPQ==}
    engines: {node: '>= 10'}
    cpu: [arm]
    os: [linux]
    requiresBuild: true
    dev: true
    optional: true

  /@tauri-apps/cli-linux-arm64-gnu/1.5.6:
    resolution: {integrity: sha512-QuQjMQmpsCbzBrmtQiG4uhnfAbdFx3nzm+9LtqjuZlurc12+Mj5MTgqQ3AOwQedH3f7C+KlvbqD2AdXpwTg7VA==}
    engines: {node: '>= 10'}
    cpu: [arm64]
    os: [linux]
    requiresBuild: true
    dev: true
    optional: true

  /@tauri-apps/cli-linux-arm64-musl/1.5.6:
    resolution: {integrity: sha512-8j5dH3odweFeom7bRGlfzDApWVOT4jIq8/214Wl+JeiNVehouIBo9lZGeghZBH3XKFRwEvU23i7sRVjuh2s8mg==}
    engines: {node: '>= 10'}
    cpu: [arm64]
    os: [linux]
    requiresBuild: true
    dev: true
    optional: true

  /@tauri-apps/cli-linux-x64-gnu/1.5.6:
    resolution: {integrity: sha512-gbFHYHfdEGW0ffk8SigDsoXks6USpilF6wR0nqB/JbWzbzFR/sBuLVNQlJl1RKNakyJHu+lsFxGy0fcTdoX8xA==}
    engines: {node: '>= 10'}
    cpu: [x64]
    os: [linux]
    requiresBuild: true
    dev: true
    optional: true

  /@tauri-apps/cli-linux-x64-musl/1.5.6:
    resolution: {integrity: sha512-9v688ogoLkeFYQNgqiSErfhTreLUd8B3prIBSYUt+x4+5Kcw91zWvIh+VSxL1n3KCGGsM7cuXhkGPaxwlEh1ug==}
    engines: {node: '>= 10'}
    cpu: [x64]
    os: [linux]
    requiresBuild: true
    dev: true
    optional: true

  /@tauri-apps/cli-win32-arm64-msvc/1.5.6:
    resolution: {integrity: sha512-DRNDXFNZb6y5IZrw+lhTTA9l4wbzO4TNRBAlHAiXUrH+pRFZ/ZJtv5WEuAj9ocVSahVw2NaK5Yaold4NPAxHog==}
    engines: {node: '>= 10'}
    cpu: [arm64]
    os: [win32]
    requiresBuild: true
    dev: true
    optional: true

  /@tauri-apps/cli-win32-ia32-msvc/1.5.6:
    resolution: {integrity: sha512-oUYKNR/IZjF4fsOzRpw0xesl2lOjhsQEyWlgbpT25T83EU113Xgck9UjtI7xemNI/OPCv1tPiaM1e7/ABdg5iA==}
    engines: {node: '>= 10'}
    cpu: [ia32]
    os: [win32]
    requiresBuild: true
    dev: true
    optional: true

  /@tauri-apps/cli-win32-x64-msvc/1.5.6:
    resolution: {integrity: sha512-RmEf1os9C8//uq2hbjXi7Vgz9ne7798ZxqemAZdUwo1pv3oLVZSz1/IvZmUHPdy2e6zSeySqWu1D0Y3QRNN+dg==}
    engines: {node: '>= 10'}
    cpu: [x64]
    os: [win32]
    requiresBuild: true
    dev: true
    optional: true

  /@tauri-apps/cli/1.5.6:
    resolution: {integrity: sha512-k4Y19oVCnt7WZb2TnDzLqfs7o98Jq0tUoVMv+JQSzuRDJqaVu2xMBZ8dYplEn+EccdR5SOMyzaLBJWu38TVK1A==}
    engines: {node: '>= 10'}
    hasBin: true
    optionalDependencies:
      '@tauri-apps/cli-darwin-arm64': 1.5.6
      '@tauri-apps/cli-darwin-x64': 1.5.6
      '@tauri-apps/cli-linux-arm-gnueabihf': 1.5.6
      '@tauri-apps/cli-linux-arm64-gnu': 1.5.6
      '@tauri-apps/cli-linux-arm64-musl': 1.5.6
      '@tauri-apps/cli-linux-x64-gnu': 1.5.6
      '@tauri-apps/cli-linux-x64-musl': 1.5.6
      '@tauri-apps/cli-win32-arm64-msvc': 1.5.6
      '@tauri-apps/cli-win32-ia32-msvc': 1.5.6
      '@tauri-apps/cli-win32-x64-msvc': 1.5.6
    dev: true

  /globalyzer/0.1.0:
    resolution: {integrity: sha512-40oNTM9UfG6aBmuKxk/giHn5nQ8RVz/SS4Ir6zgzOv9/qC3kKZ9v4etGTcJbEl/NyVQH7FGU7d+X1egr57Md2Q==}
    dev: true

  /globrex/0.1.2:
    resolution: {integrity: sha512-uHJgbwAMwNFf5mLst7IWLNg14x1CkeqglJb/K3doi4dw6q2IvAAmM/Y81kevy83wP+Sst+nutFTYOGg3d1lsxg==}
    dev: true

  /tiny-glob/0.2.9:
    resolution: {integrity: sha512-g/55ssRPUjShh+xkfx9UPDXqhckHEsHr4Vd9zX55oSdGZc/MD0m3sferOkwWtp98bv+kcVfEHtRJgBVJzelrzg==}
    dependencies:
      globalyzer: 0.1.0
      globrex: 0.1.2
    dev: true
